
Microsoft Visual Studio Solution File, Format Version 12.00
# Visual Studio Version 17
VisualStudioVersion = 17.0.31903.59
MinimumVisualStudioVersion = 10.0.40219.1
Project("{FAE04EC0-301F-11D3-BF4B-00C04F79EFBC}") = "MaintainUserData", "src\MaintainUserData\MaintainUserData.csproj", "{4B79A1E5-2A7C-A38F-0A8B-A1A4FC78769A}"
EndProject
Project("{FAE04EC0-301F-11D3-BF4B-00C04F79EFBC}") = "MaintainUserData.Tests", "test\MaintainUserData.Tests\MaintainUserData.Tests.csproj", "{1562454E-21AF-060E-6A4C-69423D592947}"
EndProject
Project("{2150E333-8FDC-42A3-9474-1A3956D46DE8}") = "src", "src", "{02EA681E-C7D8-13C7-8484-4AC65E1B71E8}"
EndProject
Project("{2150E333-8FDC-42A3-9474-1A3956D46DE8}") = "test", "test", "{FBB0DED6-37E2-4367-A506-145A84AC83AF}"
EndProject
Global
	GlobalSection(SolutionConfigurationPlatforms) = preSolution
		Debug|Any CPU = Debug|Any CPU
		Release|Any CPU = Release|Any CPU
	EndGlobalSection
	GlobalSection(ProjectConfigurationPlatforms) = postSolution
		{4B79A1E5-2A7C-A38F-0A8B-A1A4FC78769A}.Debug|Any CPU.ActiveCfg = Debug|Any CPU
		{4B79A1E5-2A7C-A38F-0A8B-A1A4FC78769A}.Debug|Any CPU.Build.0 = Debug|Any CPU
		{4B79A1E5-2A7C-A38F-0A8B-A1A4FC78769A}.Release|Any CPU.ActiveCfg = Release|Any CPU
		{4B79A1E5-2A7C-A38F-0A8B-A1A4FC78769A}.Release|Any CPU.Build.0 = Release|Any CPU
		{1562454E-21AF-060E-6A4C-69423D592947}.Debug|Any CPU.ActiveCfg = Debug|Any CPU
		{1562454E-21AF-060E-6A4C-69423D592947}.Debug|Any CPU.Build.0 = Debug|Any CPU
		{1562454E-21AF-060E-6A4C-69423D592947}.Release|Any CPU.ActiveCfg = Release|Any CPU
		{1562454E-21AF-060E-6A4C-69423D592947}.Release|Any CPU.Build.0 = Release|Any CPU
	EndGlobalSection
	GlobalSection(SolutionProperties) = preSolution
		HideSolutionNode = FALSE
	EndGlobalSection
	GlobalSection(NestedProjects) = preSolution
		{4B79A1E5-2A7C-A38F-0A8B-A1A4FC78769A} = {02EA681E-C7D8-13C7-8484-4AC65E1B71E8}
		{1562454E-21AF-060E-6A4C-69423D592947} = {FBB0DED6-37E2-4367-A506-145A84AC83AF}
	EndGlobalSection
	GlobalSection(ExtensibilityGlobals) = postSolution
		SolutionGuid = {68886E37-359F-4C36-BCDC-35FC6BE4CE41}
	EndGlobalSection
EndGlobal
